
Microsoft Visual Studio Solution File, Format Version 10.00
# Visual Studio 2008
Project("{8BC9CEB8-8B4A-11D0-8D11-00A0C91BC942}") = "OLTMServer-test", "OLTMServer-test.vcproj", "{7139AF5F-BA0D-45A7-BBC2-D48A86890891}"
EndProject
Global
	GlobalSection(SolutionConfigurationPlatforms) = preSolution
		Debug|Win32 = Debug|Win32
		Release|Win32 = Release|Win32
	EndGlobalSection
	GlobalSection(ProjectConfigurationPlatforms) = postSolution
		{7139AF5F-BA0D-45A7-BBC2-D48A86890891}.Debug|Win32.ActiveCfg = Debug|Win32
		{7139AF5F-BA0D-45A7-BBC2-D48A86890891}.Debug|Win32.Build.0 = Debug|Win32
		{7139AF5F-BA0D-45A7-BBC2-D48A86890891}.Release|Win32.ActiveCfg = Release|Win32
		{7139AF5F-BA0D-45A7-BBC2-D48A86890891}.Release|Win32.Build.0 = Release|Win32
	EndGlobalSection
	GlobalSection(SolutionProperties) = preSolution
		HideSolutionNode = FALSE
	EndGlobalSection
EndGlobal
